
Microsoft Visual Studio Solution File, Format Version 12.00
# Visual Studio Version 17
VisualStudioVersion = 17.0.31903.59
MinimumVisualStudioVersion = 10.0.40219.1
Project("{9A19103F-16F7-4668-BE54-9A1E7A4F7556}") = "LinkUp.Contracts", "LinkUp.Contracts\LinkUp.Contracts.csproj", "{BD6C3067-86A2-4CF4-A3BF-DEF302D1ECE4}"
EndProject
Project("{9A19103F-16F7-4668-BE54-9A1E7A4F7556}") = "LinkUp", "LinkUp\LinkUp.csproj", "{C5D1BED5-CDBC-4427-97E7-70B1B9DDA167}"
EndProject
Global
	GlobalSection(SolutionConfigurationPlatforms) = preSolution
		Debug|Any CPU = Debug|Any CPU
		Release|Any CPU = Release|Any CPU
	EndGlobalSection
	GlobalSection(ProjectConfigurationPlatforms) = postSolution
		{BD6C3067-86A2-4CF4-A3BF-DEF302D1ECE4}.Debug|Any CPU.ActiveCfg = Debug|Any CPU
		{BD6C3067-86A2-4CF4-A3BF-DEF302D1ECE4}.Debug|Any CPU.Build.0 = Debug|Any CPU
		{BD6C3067-86A2-4CF4-A3BF-DEF302D1ECE4}.Release|Any CPU.ActiveCfg = Release|Any CPU
		{BD6C3067-86A2-4CF4-A3BF-DEF302D1ECE4}.Release|Any CPU.Build.0 = Release|Any CPU
		{C5D1BED5-CDBC-4427-97E7-70B1B9DDA167}.Debug|Any CPU.ActiveCfg = Debug|Any CPU
		{C5D1BED5-CDBC-4427-97E7-70B1B9DDA167}.Debug|Any CPU.Build.0 = Debug|Any CPU
		{C5D1BED5-CDBC-4427-97E7-70B1B9DDA167}.Release|Any CPU.ActiveCfg = Release|Any CPU
		{C5D1BED5-CDBC-4427-97E7-70B1B9DDA167}.Release|Any CPU.Build.0 = Release|Any CPU
	EndGlobalSection
	GlobalSection(SolutionProperties) = preSolution
		HideSolutionNode = FALSE
	EndGlobalSection
	GlobalSection(ExtensibilityGlobals) = postSolution
		SolutionGuid = {935EA780-92FE-469C-B636-4B9F7274AFE5}
	EndGlobalSection
EndGlobal
